
Microsoft Visual Studio Solution File, Format Version 12.00
# Visual Studio Version 17
VisualStudioVersion = 17.10.34928.147
MinimumVisualStudioVersion = 10.0.40219.1
Project("{FAE04EC0-301F-11D3-BF4B-00C04F79EFBC}") = "Example01", "Example01\Example01.csproj", "{4F7CD729-A362-4796-A7CA-86FA975C6B2E}"
EndProject
Global
	GlobalSection(SolutionConfigurationPlatforms) = preSolution
		Debug|Any CPU = Debug|Any CPU
		Release|Any CPU = Release|Any CPU
	EndGlobalSection
	GlobalSection(ProjectConfigurationPlatforms) = postSolution
		{4F7CD729-A362-4796-A7CA-86FA975C6B2E}.Debug|Any CPU.ActiveCfg = Debug|Any CPU
		{4F7CD729-A362-4796-A7CA-86FA975C6B2E}.Debug|Any CPU.Build.0 = Debug|Any CPU
		{4F7CD729-A362-4796-A7CA-86FA975C6B2E}.Release|Any CPU.ActiveCfg = Release|Any CPU
		{4F7CD729-A362-4796-A7CA-86FA975C6B2E}.Release|Any CPU.Build.0 = Release|Any CPU
	EndGlobalSection
	GlobalSection(SolutionProperties) = preSolution
		HideSolutionNode = FALSE
	EndGlobalSection
	GlobalSection(ExtensibilityGlobals) = postSolution
		SolutionGuid = {2DAEE1DF-5237-4361-93F3-E9173759F3C4}
	EndGlobalSection
EndGlobal
