
Microsoft Visual Studio Solution File, Format Version 12.00
# Visual Studio Version 17
VisualStudioVersion = 17.10.34928.147
MinimumVisualStudioVersion = 10.0.40219.1
Project("{FAE04EC0-301F-11D3-BF4B-00C04F79EFBC}") = "Example01", "Example01\Example01.csproj", "{E2EF7CD0-0468-405B-AE2F-30F1E6FE2778}"
EndProject
Project("{FAE04EC0-301F-11D3-BF4B-00C04F79EFBC}") = "Example02", "Example02\Example02.csproj", "{52FACBE7-422B-4E14-B508-CCEE67308808}"
EndProject
Project("{FAE04EC0-301F-11D3-BF4B-00C04F79EFBC}") = "Example03", "Example03\Example03.csproj", "{E3DFBD1D-E939-4765-9A3F-52C0DF265F36}"
EndProject
Project("{FAE04EC0-301F-11D3-BF4B-00C04F79EFBC}") = "Example04", "Example04\Example04.csproj", "{C6F7A881-982C-4494-B785-5BC03E0C12DF}"
EndProject
Project("{FAE04EC0-301F-11D3-BF4B-00C04F79EFBC}") = "Example05", "Example05\Example05.csproj", "{7C91EA2F-3C70-4D21-BF45-99586022FF61}"
EndProject
Global
	GlobalSection(SolutionConfigurationPlatforms) = preSolution
		Debug|Any CPU = Debug|Any CPU
		Release|Any CPU = Release|Any CPU
	EndGlobalSection
	GlobalSection(ProjectConfigurationPlatforms) = postSolution
		{E2EF7CD0-0468-405B-AE2F-30F1E6FE2778}.Debug|Any CPU.ActiveCfg = Debug|Any CPU
		{E2EF7CD0-0468-405B-AE2F-30F1E6FE2778}.Debug|Any CPU.Build.0 = Debug|Any CPU
		{E2EF7CD0-0468-405B-AE2F-30F1E6FE2778}.Release|Any CPU.ActiveCfg = Release|Any CPU
		{E2EF7CD0-0468-405B-AE2F-30F1E6FE2778}.Release|Any CPU.Build.0 = Release|Any CPU
		{52FACBE7-422B-4E14-B508-CCEE67308808}.Debug|Any CPU.ActiveCfg = Debug|Any CPU
		{52FACBE7-422B-4E14-B508-CCEE67308808}.Debug|Any CPU.Build.0 = Debug|Any CPU
		{52FACBE7-422B-4E14-B508-CCEE67308808}.Release|Any CPU.ActiveCfg = Release|Any CPU
		{52FACBE7-422B-4E14-B508-CCEE67308808}.Release|Any CPU.Build.0 = Release|Any CPU
		{E3DFBD1D-E939-4765-9A3F-52C0DF265F36}.Debug|Any CPU.ActiveCfg = Debug|Any CPU
		{E3DFBD1D-E939-4765-9A3F-52C0DF265F36}.Debug|Any CPU.Build.0 = Debug|Any CPU
		{E3DFBD1D-E939-4765-9A3F-52C0DF265F36}.Release|Any CPU.ActiveCfg = Release|Any CPU
		{E3DFBD1D-E939-4765-9A3F-52C0DF265F36}.Release|Any CPU.Build.0 = Release|Any CPU
		{C6F7A881-982C-4494-B785-5BC03E0C12DF}.Debug|Any CPU.ActiveCfg = Debug|Any CPU
		{C6F7A881-982C-4494-B785-5BC03E0C12DF}.Debug|Any CPU.Build.0 = Debug|Any CPU
		{C6F7A881-982C-4494-B785-5BC03E0C12DF}.Release|Any CPU.ActiveCfg = Release|Any CPU
		{C6F7A881-982C-4494-B785-5BC03E0C12DF}.Release|Any CPU.Build.0 = Release|Any CPU
		{7C91EA2F-3C70-4D21-BF45-99586022FF61}.Debug|Any CPU.ActiveCfg = Debug|Any CPU
		{7C91EA2F-3C70-4D21-BF45-99586022FF61}.Debug|Any CPU.Build.0 = Debug|Any CPU
		{7C91EA2F-3C70-4D21-BF45-99586022FF61}.Release|Any CPU.ActiveCfg = Release|Any CPU
		{7C91EA2F-3C70-4D21-BF45-99586022FF61}.Release|Any CPU.Build.0 = Release|Any CPU
	EndGlobalSection
	GlobalSection(SolutionProperties) = preSolution
		HideSolutionNode = FALSE
	EndGlobalSection
	GlobalSection(ExtensibilityGlobals) = postSolution
		SolutionGuid = {E9E45D86-4639-49B5-8699-4ACE48DAECC2}
	EndGlobalSection
EndGlobal
