
Microsoft Visual Studio Solution File, Format Version 12.00
# Visual Studio Version 17
VisualStudioVersion = 17.10.34928.147
MinimumVisualStudioVersion = 10.0.40219.1
Project("{FAE04EC0-301F-11D3-BF4B-00C04F79EFBC}") = "Example01", "Example01\Example01.csproj", "{951FA774-6533-460C-B086-EB62FB62D0F8}"
EndProject
Global
	GlobalSection(SolutionConfigurationPlatforms) = preSolution
		Debug|Any CPU = Debug|Any CPU
		Release|Any CPU = Release|Any CPU
	EndGlobalSection
	GlobalSection(ProjectConfigurationPlatforms) = postSolution
		{951FA774-6533-460C-B086-EB62FB62D0F8}.Debug|Any CPU.ActiveCfg = Debug|Any CPU
		{951FA774-6533-460C-B086-EB62FB62D0F8}.Debug|Any CPU.Build.0 = Debug|Any CPU
		{951FA774-6533-460C-B086-EB62FB62D0F8}.Release|Any CPU.ActiveCfg = Release|Any CPU
		{951FA774-6533-460C-B086-EB62FB62D0F8}.Release|Any CPU.Build.0 = Release|Any CPU
	EndGlobalSection
	GlobalSection(SolutionProperties) = preSolution
		HideSolutionNode = FALSE
	EndGlobalSection
	GlobalSection(ExtensibilityGlobals) = postSolution
		SolutionGuid = {124AFBB0-A6DE-474D-94C0-0228261C31FF}
	EndGlobalSection
EndGlobal
