
Microsoft Visual Studio Solution File, Format Version 12.00
# Visual Studio Version 17
VisualStudioVersion = 17.10.34928.147
MinimumVisualStudioVersion = 10.0.40219.1
Project("{FAE04EC0-301F-11D3-BF4B-00C04F79EFBC}") = "Example01", "Example01\Example01.csproj", "{19F61373-9120-4ABD-A45D-F9D9A4D0903C}"
EndProject
Project("{FAE04EC0-301F-11D3-BF4B-00C04F79EFBC}") = "Example02", "Example02\Example02.csproj", "{0F44A723-EF3F-4B54-946D-96AFD1572E84}"
EndProject
Project("{FAE04EC0-301F-11D3-BF4B-00C04F79EFBC}") = "Example03", "Example03\Example03.csproj", "{2256B260-9007-4947-A85E-ECDBEDF82BA7}"
EndProject
Project("{FAE04EC0-301F-11D3-BF4B-00C04F79EFBC}") = "Example04", "Example04\Example04.csproj", "{36F56676-9626-4305-A429-6FC349401E86}"
EndProject
Global
	GlobalSection(SolutionConfigurationPlatforms) = preSolution
		Debug|Any CPU = Debug|Any CPU
		Release|Any CPU = Release|Any CPU
	EndGlobalSection
	GlobalSection(ProjectConfigurationPlatforms) = postSolution
		{19F61373-9120-4ABD-A45D-F9D9A4D0903C}.Debug|Any CPU.ActiveCfg = Debug|Any CPU
		{19F61373-9120-4ABD-A45D-F9D9A4D0903C}.Debug|Any CPU.Build.0 = Debug|Any CPU
		{19F61373-9120-4ABD-A45D-F9D9A4D0903C}.Release|Any CPU.ActiveCfg = Release|Any CPU
		{19F61373-9120-4ABD-A45D-F9D9A4D0903C}.Release|Any CPU.Build.0 = Release|Any CPU
		{0F44A723-EF3F-4B54-946D-96AFD1572E84}.Debug|Any CPU.ActiveCfg = Debug|Any CPU
		{0F44A723-EF3F-4B54-946D-96AFD1572E84}.Debug|Any CPU.Build.0 = Debug|Any CPU
		{0F44A723-EF3F-4B54-946D-96AFD1572E84}.Release|Any CPU.ActiveCfg = Release|Any CPU
		{0F44A723-EF3F-4B54-946D-96AFD1572E84}.Release|Any CPU.Build.0 = Release|Any CPU
		{2256B260-9007-4947-A85E-ECDBEDF82BA7}.Debug|Any CPU.ActiveCfg = Debug|Any CPU
		{2256B260-9007-4947-A85E-ECDBEDF82BA7}.Debug|Any CPU.Build.0 = Debug|Any CPU
		{2256B260-9007-4947-A85E-ECDBEDF82BA7}.Release|Any CPU.ActiveCfg = Release|Any CPU
		{2256B260-9007-4947-A85E-ECDBEDF82BA7}.Release|Any CPU.Build.0 = Release|Any CPU
		{36F56676-9626-4305-A429-6FC349401E86}.Debug|Any CPU.ActiveCfg = Debug|Any CPU
		{36F56676-9626-4305-A429-6FC349401E86}.Debug|Any CPU.Build.0 = Debug|Any CPU
		{36F56676-9626-4305-A429-6FC349401E86}.Release|Any CPU.ActiveCfg = Release|Any CPU
		{36F56676-9626-4305-A429-6FC349401E86}.Release|Any CPU.Build.0 = Release|Any CPU
	EndGlobalSection
	GlobalSection(SolutionProperties) = preSolution
		HideSolutionNode = FALSE
	EndGlobalSection
	GlobalSection(ExtensibilityGlobals) = postSolution
		SolutionGuid = {10E5534D-1117-4A49-AE55-E1F86C23EBCA}
	EndGlobalSection
EndGlobal
