
Microsoft Visual Studio Solution File, Format Version 12.00
# Visual Studio Version 17
VisualStudioVersion = 17.10.34928.147
MinimumVisualStudioVersion = 10.0.40219.1
Project("{FAE04EC0-301F-11D3-BF4B-00C04F79EFBC}") = "Example01", "Example01\Example01.csproj", "{BA2717CB-9781-4ADA-954A-457F91107A0F}"
EndProject
Project("{FAE04EC0-301F-11D3-BF4B-00C04F79EFBC}") = "Example02", "Example02\Example02.csproj", "{5CEADDD6-58FE-4B53-9BF2-FAAC02528616}"
EndProject
Global
	GlobalSection(SolutionConfigurationPlatforms) = preSolution
		Debug|Any CPU = Debug|Any CPU
		Release|Any CPU = Release|Any CPU
	EndGlobalSection
	GlobalSection(ProjectConfigurationPlatforms) = postSolution
		{BA2717CB-9781-4ADA-954A-457F91107A0F}.Debug|Any CPU.ActiveCfg = Debug|Any CPU
		{BA2717CB-9781-4ADA-954A-457F91107A0F}.Debug|Any CPU.Build.0 = Debug|Any CPU
		{BA2717CB-9781-4ADA-954A-457F91107A0F}.Release|Any CPU.ActiveCfg = Release|Any CPU
		{BA2717CB-9781-4ADA-954A-457F91107A0F}.Release|Any CPU.Build.0 = Release|Any CPU
		{5CEADDD6-58FE-4B53-9BF2-FAAC02528616}.Debug|Any CPU.ActiveCfg = Debug|Any CPU
		{5CEADDD6-58FE-4B53-9BF2-FAAC02528616}.Debug|Any CPU.Build.0 = Debug|Any CPU
		{5CEADDD6-58FE-4B53-9BF2-FAAC02528616}.Release|Any CPU.ActiveCfg = Release|Any CPU
		{5CEADDD6-58FE-4B53-9BF2-FAAC02528616}.Release|Any CPU.Build.0 = Release|Any CPU
	EndGlobalSection
	GlobalSection(SolutionProperties) = preSolution
		HideSolutionNode = FALSE
	EndGlobalSection
	GlobalSection(ExtensibilityGlobals) = postSolution
		SolutionGuid = {972FD1F1-6655-42D9-BD3F-31F5E7DC8DBF}
	EndGlobalSection
EndGlobal
