
Microsoft Visual Studio Solution File, Format Version 12.00
# Visual Studio Version 17
VisualStudioVersion = 17.10.34928.147
MinimumVisualStudioVersion = 10.0.40219.1
Project("{FAE04EC0-301F-11D3-BF4B-00C04F79EFBC}") = "Example01", "Example01\Example01.csproj", "{B21B57FE-C5BE-4B0A-BA91-FD089A1FAEE4}"
EndProject
Project("{FAE04EC0-301F-11D3-BF4B-00C04F79EFBC}") = "Example02", "Example02\Example02.csproj", "{7F6EAFD5-1F70-4977-9892-22F4680E0E7E}"
EndProject
Project("{FAE04EC0-301F-11D3-BF4B-00C04F79EFBC}") = "Example03", "Example03\Example03.csproj", "{18646CAD-FEC1-4870-A0C0-A220D0E5796B}"
EndProject
Project("{FAE04EC0-301F-11D3-BF4B-00C04F79EFBC}") = "Example04", "Example04\Example04.csproj", "{3B6B392F-E47F-4D79-A58B-FC03A779407D}"
EndProject
Global
	GlobalSection(SolutionConfigurationPlatforms) = preSolution
		Debug|Any CPU = Debug|Any CPU
		Release|Any CPU = Release|Any CPU
	EndGlobalSection
	GlobalSection(ProjectConfigurationPlatforms) = postSolution
		{B21B57FE-C5BE-4B0A-BA91-FD089A1FAEE4}.Debug|Any CPU.ActiveCfg = Debug|Any CPU
		{B21B57FE-C5BE-4B0A-BA91-FD089A1FAEE4}.Debug|Any CPU.Build.0 = Debug|Any CPU
		{B21B57FE-C5BE-4B0A-BA91-FD089A1FAEE4}.Release|Any CPU.ActiveCfg = Release|Any CPU
		{B21B57FE-C5BE-4B0A-BA91-FD089A1FAEE4}.Release|Any CPU.Build.0 = Release|Any CPU
		{7F6EAFD5-1F70-4977-9892-22F4680E0E7E}.Debug|Any CPU.ActiveCfg = Debug|Any CPU
		{7F6EAFD5-1F70-4977-9892-22F4680E0E7E}.Debug|Any CPU.Build.0 = Debug|Any CPU
		{7F6EAFD5-1F70-4977-9892-22F4680E0E7E}.Release|Any CPU.ActiveCfg = Release|Any CPU
		{7F6EAFD5-1F70-4977-9892-22F4680E0E7E}.Release|Any CPU.Build.0 = Release|Any CPU
		{18646CAD-FEC1-4870-A0C0-A220D0E5796B}.Debug|Any CPU.ActiveCfg = Debug|Any CPU
		{18646CAD-FEC1-4870-A0C0-A220D0E5796B}.Debug|Any CPU.Build.0 = Debug|Any CPU
		{18646CAD-FEC1-4870-A0C0-A220D0E5796B}.Release|Any CPU.ActiveCfg = Release|Any CPU
		{18646CAD-FEC1-4870-A0C0-A220D0E5796B}.Release|Any CPU.Build.0 = Release|Any CPU
		{3B6B392F-E47F-4D79-A58B-FC03A779407D}.Debug|Any CPU.ActiveCfg = Debug|Any CPU
		{3B6B392F-E47F-4D79-A58B-FC03A779407D}.Debug|Any CPU.Build.0 = Debug|Any CPU
		{3B6B392F-E47F-4D79-A58B-FC03A779407D}.Release|Any CPU.ActiveCfg = Release|Any CPU
		{3B6B392F-E47F-4D79-A58B-FC03A779407D}.Release|Any CPU.Build.0 = Release|Any CPU
	EndGlobalSection
	GlobalSection(SolutionProperties) = preSolution
		HideSolutionNode = FALSE
	EndGlobalSection
	GlobalSection(ExtensibilityGlobals) = postSolution
		SolutionGuid = {1AB613B9-C51A-49AB-987B-FA3768C64007}
	EndGlobalSection
EndGlobal
