
Microsoft Visual Studio Solution File, Format Version 12.00
# Visual Studio Version 17
VisualStudioVersion = 17.9.34902.65
MinimumVisualStudioVersion = 10.0.40219.1
Project("{FAE04EC0-301F-11D3-BF4B-00C04F79EFBC}") = "Exercise01", "Exercise01\Exercise01.csproj", "{5BA123C8-9B14-444D-BC0E-1ADA0EC82094}"
EndProject
Project("{FAE04EC0-301F-11D3-BF4B-00C04F79EFBC}") = "Exercise02", "Exercise02\Exercise02.csproj", "{276F0054-CF1F-476D-97E4-DBC48C1036A4}"
EndProject
Global
	GlobalSection(SolutionConfigurationPlatforms) = preSolution
		Debug|Any CPU = Debug|Any CPU
		Release|Any CPU = Release|Any CPU
	EndGlobalSection
	GlobalSection(ProjectConfigurationPlatforms) = postSolution
		{5BA123C8-9B14-444D-BC0E-1ADA0EC82094}.Debug|Any CPU.ActiveCfg = Debug|Any CPU
		{5BA123C8-9B14-444D-BC0E-1ADA0EC82094}.Debug|Any CPU.Build.0 = Debug|Any CPU
		{5BA123C8-9B14-444D-BC0E-1ADA0EC82094}.Release|Any CPU.ActiveCfg = Release|Any CPU
		{5BA123C8-9B14-444D-BC0E-1ADA0EC82094}.Release|Any CPU.Build.0 = Release|Any CPU
		{276F0054-CF1F-476D-97E4-DBC48C1036A4}.Debug|Any CPU.ActiveCfg = Debug|Any CPU
		{276F0054-CF1F-476D-97E4-DBC48C1036A4}.Debug|Any CPU.Build.0 = Debug|Any CPU
		{276F0054-CF1F-476D-97E4-DBC48C1036A4}.Release|Any CPU.ActiveCfg = Release|Any CPU
		{276F0054-CF1F-476D-97E4-DBC48C1036A4}.Release|Any CPU.Build.0 = Release|Any CPU
	EndGlobalSection
	GlobalSection(SolutionProperties) = preSolution
		HideSolutionNode = FALSE
	EndGlobalSection
	GlobalSection(ExtensibilityGlobals) = postSolution
		SolutionGuid = {10DA5A6B-42BB-47C7-BB1D-62232148F1B0}
	EndGlobalSection
EndGlobal
