
Microsoft Visual Studio Solution File, Format Version 12.00
# Visual Studio Version 17
VisualStudioVersion = 17.10.34928.147
MinimumVisualStudioVersion = 10.0.40219.1
Project("{FAE04EC0-301F-11D3-BF4B-00C04F79EFBC}") = "Example01", "Example01\Example01.csproj", "{2EE4AC5E-102F-4765-ACB6-35CE860B2C41}"
EndProject
Global
	GlobalSection(SolutionConfigurationPlatforms) = preSolution
		Debug|Any CPU = Debug|Any CPU
		Release|Any CPU = Release|Any CPU
	EndGlobalSection
	GlobalSection(ProjectConfigurationPlatforms) = postSolution
		{2EE4AC5E-102F-4765-ACB6-35CE860B2C41}.Debug|Any CPU.ActiveCfg = Debug|Any CPU
		{2EE4AC5E-102F-4765-ACB6-35CE860B2C41}.Debug|Any CPU.Build.0 = Debug|Any CPU
		{2EE4AC5E-102F-4765-ACB6-35CE860B2C41}.Release|Any CPU.ActiveCfg = Release|Any CPU
		{2EE4AC5E-102F-4765-ACB6-35CE860B2C41}.Release|Any CPU.Build.0 = Release|Any CPU
	EndGlobalSection
	GlobalSection(SolutionProperties) = preSolution
		HideSolutionNode = FALSE
	EndGlobalSection
	GlobalSection(ExtensibilityGlobals) = postSolution
		SolutionGuid = {F99F5924-7D54-4E34-9185-E1FEEC0770CC}
	EndGlobalSection
EndGlobal
