
Microsoft Visual Studio Solution File, Format Version 12.00
# Visual Studio Version 17
VisualStudioVersion = 17.10.34928.147
MinimumVisualStudioVersion = 10.0.40219.1
Project("{FAE04EC0-301F-11D3-BF4B-00C04F79EFBC}") = "Example01", "Example01\Example01.csproj", "{D0D0F1EF-5FCD-4831-8393-7909EA8FB40B}"
EndProject
Project("{FAE04EC0-301F-11D3-BF4B-00C04F79EFBC}") = "Example02", "Example02\Example02.csproj", "{815C5FCC-6036-49BD-A96E-7190B0B856CA}"
EndProject
Global
	GlobalSection(SolutionConfigurationPlatforms) = preSolution
		Debug|Any CPU = Debug|Any CPU
		Release|Any CPU = Release|Any CPU
	EndGlobalSection
	GlobalSection(ProjectConfigurationPlatforms) = postSolution
		{D0D0F1EF-5FCD-4831-8393-7909EA8FB40B}.Debug|Any CPU.ActiveCfg = Debug|Any CPU
		{D0D0F1EF-5FCD-4831-8393-7909EA8FB40B}.Debug|Any CPU.Build.0 = Debug|Any CPU
		{D0D0F1EF-5FCD-4831-8393-7909EA8FB40B}.Release|Any CPU.ActiveCfg = Release|Any CPU
		{D0D0F1EF-5FCD-4831-8393-7909EA8FB40B}.Release|Any CPU.Build.0 = Release|Any CPU
		{815C5FCC-6036-49BD-A96E-7190B0B856CA}.Debug|Any CPU.ActiveCfg = Debug|Any CPU
		{815C5FCC-6036-49BD-A96E-7190B0B856CA}.Debug|Any CPU.Build.0 = Debug|Any CPU
		{815C5FCC-6036-49BD-A96E-7190B0B856CA}.Release|Any CPU.ActiveCfg = Release|Any CPU
		{815C5FCC-6036-49BD-A96E-7190B0B856CA}.Release|Any CPU.Build.0 = Release|Any CPU
	EndGlobalSection
	GlobalSection(SolutionProperties) = preSolution
		HideSolutionNode = FALSE
	EndGlobalSection
	GlobalSection(ExtensibilityGlobals) = postSolution
		SolutionGuid = {D4C17EFF-A32B-4FE6-9DB7-95A1231D1A26}
	EndGlobalSection
EndGlobal
