
Microsoft Visual Studio Solution File, Format Version 12.00
# Visual Studio Version 17
VisualStudioVersion = 17.9.34902.65
MinimumVisualStudioVersion = 10.0.40219.1
Project("{FAE04EC0-301F-11D3-BF4B-00C04F79EFBC}") = "Example01", "Example01\Example01.csproj", "{B435D9E8-65B8-4649-BE31-11A583CFC3E5}"
EndProject
Project("{FAE04EC0-301F-11D3-BF4B-00C04F79EFBC}") = "Example02", "Example02\Example02.csproj", "{ECB09138-D0A7-45BB-BF5F-61212389B64E}"
EndProject
Global
	GlobalSection(SolutionConfigurationPlatforms) = preSolution
		Debug|Any CPU = Debug|Any CPU
		Release|Any CPU = Release|Any CPU
	EndGlobalSection
	GlobalSection(ProjectConfigurationPlatforms) = postSolution
		{B435D9E8-65B8-4649-BE31-11A583CFC3E5}.Debug|Any CPU.ActiveCfg = Debug|Any CPU
		{B435D9E8-65B8-4649-BE31-11A583CFC3E5}.Debug|Any CPU.Build.0 = Debug|Any CPU
		{B435D9E8-65B8-4649-BE31-11A583CFC3E5}.Release|Any CPU.ActiveCfg = Release|Any CPU
		{B435D9E8-65B8-4649-BE31-11A583CFC3E5}.Release|Any CPU.Build.0 = Release|Any CPU
		{ECB09138-D0A7-45BB-BF5F-61212389B64E}.Debug|Any CPU.ActiveCfg = Debug|Any CPU
		{ECB09138-D0A7-45BB-BF5F-61212389B64E}.Debug|Any CPU.Build.0 = Debug|Any CPU
		{ECB09138-D0A7-45BB-BF5F-61212389B64E}.Release|Any CPU.ActiveCfg = Release|Any CPU
		{ECB09138-D0A7-45BB-BF5F-61212389B64E}.Release|Any CPU.Build.0 = Release|Any CPU
	EndGlobalSection
	GlobalSection(SolutionProperties) = preSolution
		HideSolutionNode = FALSE
	EndGlobalSection
	GlobalSection(ExtensibilityGlobals) = postSolution
		SolutionGuid = {5D0FF05B-A885-4860-97B4-A87371A52085}
	EndGlobalSection
EndGlobal
