
Microsoft Visual Studio Solution File, Format Version 12.00
# Visual Studio Version 17
VisualStudioVersion = 17.10.34928.147
MinimumVisualStudioVersion = 10.0.40219.1
Project("{FAE04EC0-301F-11D3-BF4B-00C04F79EFBC}") = "Example02", "Example02\Example02.csproj", "{C62C6F36-FACA-4FA8-8D0C-36AC050C8852}"
EndProject
Project("{FAE04EC0-301F-11D3-BF4B-00C04F79EFBC}") = "Example01", "Example01\Example01.csproj", "{AF2D79CF-0167-4E80-99D2-FFA02800A51E}"
EndProject
Project("{FAE04EC0-301F-11D3-BF4B-00C04F79EFBC}") = "Example03", "Example03\Example03.csproj", "{1D68A380-3920-4681-B6EE-B617B79A7EE7}"
EndProject
Project("{FAE04EC0-301F-11D3-BF4B-00C04F79EFBC}") = "Example04", "Example04\Example04.csproj", "{E741BBC7-6DA2-471C-9200-2BC1BC1AE7D5}"
EndProject
Project("{FAE04EC0-301F-11D3-BF4B-00C04F79EFBC}") = "Example05", "Example05\Example05.csproj", "{F8506148-472A-45A1-B349-059C7E3FCE2D}"
EndProject
Global
	GlobalSection(SolutionConfigurationPlatforms) = preSolution
		Debug|Any CPU = Debug|Any CPU
		Release|Any CPU = Release|Any CPU
	EndGlobalSection
	GlobalSection(ProjectConfigurationPlatforms) = postSolution
		{C62C6F36-FACA-4FA8-8D0C-36AC050C8852}.Debug|Any CPU.ActiveCfg = Debug|Any CPU
		{C62C6F36-FACA-4FA8-8D0C-36AC050C8852}.Debug|Any CPU.Build.0 = Debug|Any CPU
		{C62C6F36-FACA-4FA8-8D0C-36AC050C8852}.Release|Any CPU.ActiveCfg = Release|Any CPU
		{C62C6F36-FACA-4FA8-8D0C-36AC050C8852}.Release|Any CPU.Build.0 = Release|Any CPU
		{AF2D79CF-0167-4E80-99D2-FFA02800A51E}.Debug|Any CPU.ActiveCfg = Debug|Any CPU
		{AF2D79CF-0167-4E80-99D2-FFA02800A51E}.Debug|Any CPU.Build.0 = Debug|Any CPU
		{AF2D79CF-0167-4E80-99D2-FFA02800A51E}.Release|Any CPU.ActiveCfg = Release|Any CPU
		{AF2D79CF-0167-4E80-99D2-FFA02800A51E}.Release|Any CPU.Build.0 = Release|Any CPU
		{1D68A380-3920-4681-B6EE-B617B79A7EE7}.Debug|Any CPU.ActiveCfg = Debug|Any CPU
		{1D68A380-3920-4681-B6EE-B617B79A7EE7}.Debug|Any CPU.Build.0 = Debug|Any CPU
		{1D68A380-3920-4681-B6EE-B617B79A7EE7}.Release|Any CPU.ActiveCfg = Release|Any CPU
		{1D68A380-3920-4681-B6EE-B617B79A7EE7}.Release|Any CPU.Build.0 = Release|Any CPU
		{E741BBC7-6DA2-471C-9200-2BC1BC1AE7D5}.Debug|Any CPU.ActiveCfg = Debug|Any CPU
		{E741BBC7-6DA2-471C-9200-2BC1BC1AE7D5}.Debug|Any CPU.Build.0 = Debug|Any CPU
		{E741BBC7-6DA2-471C-9200-2BC1BC1AE7D5}.Release|Any CPU.ActiveCfg = Release|Any CPU
		{E741BBC7-6DA2-471C-9200-2BC1BC1AE7D5}.Release|Any CPU.Build.0 = Release|Any CPU
		{F8506148-472A-45A1-B349-059C7E3FCE2D}.Debug|Any CPU.ActiveCfg = Debug|Any CPU
		{F8506148-472A-45A1-B349-059C7E3FCE2D}.Debug|Any CPU.Build.0 = Debug|Any CPU
		{F8506148-472A-45A1-B349-059C7E3FCE2D}.Release|Any CPU.ActiveCfg = Release|Any CPU
		{F8506148-472A-45A1-B349-059C7E3FCE2D}.Release|Any CPU.Build.0 = Release|Any CPU
	EndGlobalSection
	GlobalSection(SolutionProperties) = preSolution
		HideSolutionNode = FALSE
	EndGlobalSection
	GlobalSection(ExtensibilityGlobals) = postSolution
		SolutionGuid = {2F731F33-4412-42B7-863C-9D10532342BB}
	EndGlobalSection
EndGlobal
