
Microsoft Visual Studio Solution File, Format Version 12.00
# Visual Studio Version 17
VisualStudioVersion = 17.10.34928.147
MinimumVisualStudioVersion = 10.0.40219.1
Project("{FAE04EC0-301F-11D3-BF4B-00C04F79EFBC}") = "Example01", "Example01\Example01.csproj", "{11522168-37E9-491C-AC17-8ED637485CC5}"
EndProject
Project("{FAE04EC0-301F-11D3-BF4B-00C04F79EFBC}") = "Example02", "Example02\Example02.csproj", "{C63422E3-6796-4C91-B959-AED2B71440A0}"
EndProject
Project("{FAE04EC0-301F-11D3-BF4B-00C04F79EFBC}") = "Example03", "Example03\Example03.csproj", "{06F08173-0379-475F-9BB9-2960D2DDEC62}"
EndProject
Project("{FAE04EC0-301F-11D3-BF4B-00C04F79EFBC}") = "Example04", "Example04\Example04.csproj", "{6B0744F4-47CD-48EC-9894-4D469A49F87A}"
EndProject
Project("{FAE04EC0-301F-11D3-BF4B-00C04F79EFBC}") = "Example05", "Example05\Example05.csproj", "{6BC167F2-1FE3-4C2C-B5DA-F7DB357B1C14}"
EndProject
Global
	GlobalSection(SolutionConfigurationPlatforms) = preSolution
		Debug|Any CPU = Debug|Any CPU
		Release|Any CPU = Release|Any CPU
	EndGlobalSection
	GlobalSection(ProjectConfigurationPlatforms) = postSolution
		{11522168-37E9-491C-AC17-8ED637485CC5}.Debug|Any CPU.ActiveCfg = Debug|Any CPU
		{11522168-37E9-491C-AC17-8ED637485CC5}.Debug|Any CPU.Build.0 = Debug|Any CPU
		{11522168-37E9-491C-AC17-8ED637485CC5}.Release|Any CPU.ActiveCfg = Release|Any CPU
		{11522168-37E9-491C-AC17-8ED637485CC5}.Release|Any CPU.Build.0 = Release|Any CPU
		{C63422E3-6796-4C91-B959-AED2B71440A0}.Debug|Any CPU.ActiveCfg = Debug|Any CPU
		{C63422E3-6796-4C91-B959-AED2B71440A0}.Debug|Any CPU.Build.0 = Debug|Any CPU
		{C63422E3-6796-4C91-B959-AED2B71440A0}.Release|Any CPU.ActiveCfg = Release|Any CPU
		{C63422E3-6796-4C91-B959-AED2B71440A0}.Release|Any CPU.Build.0 = Release|Any CPU
		{06F08173-0379-475F-9BB9-2960D2DDEC62}.Debug|Any CPU.ActiveCfg = Debug|Any CPU
		{06F08173-0379-475F-9BB9-2960D2DDEC62}.Debug|Any CPU.Build.0 = Debug|Any CPU
		{06F08173-0379-475F-9BB9-2960D2DDEC62}.Release|Any CPU.ActiveCfg = Release|Any CPU
		{06F08173-0379-475F-9BB9-2960D2DDEC62}.Release|Any CPU.Build.0 = Release|Any CPU
		{6B0744F4-47CD-48EC-9894-4D469A49F87A}.Debug|Any CPU.ActiveCfg = Debug|Any CPU
		{6B0744F4-47CD-48EC-9894-4D469A49F87A}.Debug|Any CPU.Build.0 = Debug|Any CPU
		{6B0744F4-47CD-48EC-9894-4D469A49F87A}.Release|Any CPU.ActiveCfg = Release|Any CPU
		{6B0744F4-47CD-48EC-9894-4D469A49F87A}.Release|Any CPU.Build.0 = Release|Any CPU
		{6BC167F2-1FE3-4C2C-B5DA-F7DB357B1C14}.Debug|Any CPU.ActiveCfg = Debug|Any CPU
		{6BC167F2-1FE3-4C2C-B5DA-F7DB357B1C14}.Debug|Any CPU.Build.0 = Debug|Any CPU
		{6BC167F2-1FE3-4C2C-B5DA-F7DB357B1C14}.Release|Any CPU.ActiveCfg = Release|Any CPU
		{6BC167F2-1FE3-4C2C-B5DA-F7DB357B1C14}.Release|Any CPU.Build.0 = Release|Any CPU
	EndGlobalSection
	GlobalSection(SolutionProperties) = preSolution
		HideSolutionNode = FALSE
	EndGlobalSection
	GlobalSection(ExtensibilityGlobals) = postSolution
		SolutionGuid = {20AF31EF-4C2F-4EA7-80B9-AA0EBB3B55F3}
	EndGlobalSection
EndGlobal
