
Microsoft Visual Studio Solution File, Format Version 12.00
# Visual Studio Version 17
VisualStudioVersion = 17.10.34928.147
MinimumVisualStudioVersion = 10.0.40219.1
Project("{FAE04EC0-301F-11D3-BF4B-00C04F79EFBC}") = "Example01", "Example01\Example01.csproj", "{0F6AAFE4-ECAD-4B28-B3E1-6EF4D51CEFA5}"
EndProject
Project("{FAE04EC0-301F-11D3-BF4B-00C04F79EFBC}") = "Example02", "Example02\Example02.csproj", "{DE52BDA0-26CA-4E92-A306-75E8141AE499}"
EndProject
Global
	GlobalSection(SolutionConfigurationPlatforms) = preSolution
		Debug|Any CPU = Debug|Any CPU
		Release|Any CPU = Release|Any CPU
	EndGlobalSection
	GlobalSection(ProjectConfigurationPlatforms) = postSolution
		{0F6AAFE4-ECAD-4B28-B3E1-6EF4D51CEFA5}.Debug|Any CPU.ActiveCfg = Debug|Any CPU
		{0F6AAFE4-ECAD-4B28-B3E1-6EF4D51CEFA5}.Debug|Any CPU.Build.0 = Debug|Any CPU
		{0F6AAFE4-ECAD-4B28-B3E1-6EF4D51CEFA5}.Release|Any CPU.ActiveCfg = Release|Any CPU
		{0F6AAFE4-ECAD-4B28-B3E1-6EF4D51CEFA5}.Release|Any CPU.Build.0 = Release|Any CPU
		{DE52BDA0-26CA-4E92-A306-75E8141AE499}.Debug|Any CPU.ActiveCfg = Debug|Any CPU
		{DE52BDA0-26CA-4E92-A306-75E8141AE499}.Debug|Any CPU.Build.0 = Debug|Any CPU
		{DE52BDA0-26CA-4E92-A306-75E8141AE499}.Release|Any CPU.ActiveCfg = Release|Any CPU
		{DE52BDA0-26CA-4E92-A306-75E8141AE499}.Release|Any CPU.Build.0 = Release|Any CPU
	EndGlobalSection
	GlobalSection(SolutionProperties) = preSolution
		HideSolutionNode = FALSE
	EndGlobalSection
	GlobalSection(ExtensibilityGlobals) = postSolution
		SolutionGuid = {A31689CB-1283-46A7-B508-E397CB0DAA14}
	EndGlobalSection
EndGlobal
