
Microsoft Visual Studio Solution File, Format Version 12.00
# Visual Studio Version 17
VisualStudioVersion = 17.10.34928.147
MinimumVisualStudioVersion = 10.0.40219.1
Project("{FAE04EC0-301F-11D3-BF4B-00C04F79EFBC}") = "Example01", "Example01\Example01.csproj", "{637A5FFE-7B03-4A8F-95BA-5FD2A547317A}"
EndProject
Global
	GlobalSection(SolutionConfigurationPlatforms) = preSolution
		Debug|Any CPU = Debug|Any CPU
		Release|Any CPU = Release|Any CPU
	EndGlobalSection
	GlobalSection(ProjectConfigurationPlatforms) = postSolution
		{637A5FFE-7B03-4A8F-95BA-5FD2A547317A}.Debug|Any CPU.ActiveCfg = Debug|Any CPU
		{637A5FFE-7B03-4A8F-95BA-5FD2A547317A}.Debug|Any CPU.Build.0 = Debug|Any CPU
		{637A5FFE-7B03-4A8F-95BA-5FD2A547317A}.Release|Any CPU.ActiveCfg = Release|Any CPU
		{637A5FFE-7B03-4A8F-95BA-5FD2A547317A}.Release|Any CPU.Build.0 = Release|Any CPU
	EndGlobalSection
	GlobalSection(SolutionProperties) = preSolution
		HideSolutionNode = FALSE
	EndGlobalSection
	GlobalSection(ExtensibilityGlobals) = postSolution
		SolutionGuid = {CB25760E-22D2-4152-8898-0C836A1FBD23}
	EndGlobalSection
EndGlobal
