
Microsoft Visual Studio Solution File, Format Version 12.00
# Visual Studio Version 17
VisualStudioVersion = 17.10.34928.147
MinimumVisualStudioVersion = 10.0.40219.1
Project("{FAE04EC0-301F-11D3-BF4B-00C04F79EFBC}") = "Example01", "Example01\Example01.csproj", "{BBA7DA99-09FA-4583-AF06-9895F25A0791}"
EndProject
Global
	GlobalSection(SolutionConfigurationPlatforms) = preSolution
		Debug|Any CPU = Debug|Any CPU
		Release|Any CPU = Release|Any CPU
	EndGlobalSection
	GlobalSection(ProjectConfigurationPlatforms) = postSolution
		{BBA7DA99-09FA-4583-AF06-9895F25A0791}.Debug|Any CPU.ActiveCfg = Debug|Any CPU
		{BBA7DA99-09FA-4583-AF06-9895F25A0791}.Debug|Any CPU.Build.0 = Debug|Any CPU
		{BBA7DA99-09FA-4583-AF06-9895F25A0791}.Release|Any CPU.ActiveCfg = Release|Any CPU
		{BBA7DA99-09FA-4583-AF06-9895F25A0791}.Release|Any CPU.Build.0 = Release|Any CPU
	EndGlobalSection
	GlobalSection(SolutionProperties) = preSolution
		HideSolutionNode = FALSE
	EndGlobalSection
	GlobalSection(ExtensibilityGlobals) = postSolution
		SolutionGuid = {235514D2-1D17-4D8D-A936-72635A904E46}
	EndGlobalSection
EndGlobal
