
Microsoft Visual Studio Solution File, Format Version 12.00
# Visual Studio Version 17
VisualStudioVersion = 17.10.34928.147
MinimumVisualStudioVersion = 10.0.40219.1
Project("{FAE04EC0-301F-11D3-BF4B-00C04F79EFBC}") = "Example01", "Example01\Example01.csproj", "{2D11C551-9D70-4436-977C-B4D5564CACCD}"
EndProject
Project("{FAE04EC0-301F-11D3-BF4B-00C04F79EFBC}") = "Example02", "Example02\Example02.csproj", "{FE783926-2484-4D80-8580-A8BF1985BF0B}"
EndProject
Global
	GlobalSection(SolutionConfigurationPlatforms) = preSolution
		Debug|Any CPU = Debug|Any CPU
		Release|Any CPU = Release|Any CPU
	EndGlobalSection
	GlobalSection(ProjectConfigurationPlatforms) = postSolution
		{2D11C551-9D70-4436-977C-B4D5564CACCD}.Debug|Any CPU.ActiveCfg = Debug|Any CPU
		{2D11C551-9D70-4436-977C-B4D5564CACCD}.Debug|Any CPU.Build.0 = Debug|Any CPU
		{2D11C551-9D70-4436-977C-B4D5564CACCD}.Release|Any CPU.ActiveCfg = Release|Any CPU
		{2D11C551-9D70-4436-977C-B4D5564CACCD}.Release|Any CPU.Build.0 = Release|Any CPU
		{FE783926-2484-4D80-8580-A8BF1985BF0B}.Debug|Any CPU.ActiveCfg = Debug|Any CPU
		{FE783926-2484-4D80-8580-A8BF1985BF0B}.Debug|Any CPU.Build.0 = Debug|Any CPU
		{FE783926-2484-4D80-8580-A8BF1985BF0B}.Release|Any CPU.ActiveCfg = Release|Any CPU
		{FE783926-2484-4D80-8580-A8BF1985BF0B}.Release|Any CPU.Build.0 = Release|Any CPU
	EndGlobalSection
	GlobalSection(SolutionProperties) = preSolution
		HideSolutionNode = FALSE
	EndGlobalSection
	GlobalSection(ExtensibilityGlobals) = postSolution
		SolutionGuid = {5D56F34A-0B9D-4240-8E3B-11FC9FC515AD}
	EndGlobalSection
EndGlobal
